
Microsoft Visual Studio Solution File, Format Version 12.00
# Visual Studio 2012
Project("{FAE04EC0-301F-11D3-BF4B-00C04F79EFBC}") = "api", "api\api.csproj", "{80A192C8-C8D9-4FD5-8117-C4A891B96260}"
EndProject
Project("{FAE04EC0-301F-11D3-BF4B-00C04F79EFBC}") = "DataModel", "DataModel\DataModel.csproj", "{83EC3AC5-FEF1-4850-AC66-A9B6E00C5506}"
EndProject
Global
	GlobalSection(SolutionConfigurationPlatforms) = preSolution
		Debug|Any CPU = Debug|Any CPU
		Release|Any CPU = Release|Any CPU
	EndGlobalSection
	GlobalSection(ProjectConfigurationPlatforms) = postSolution
		{80A192C8-C8D9-4FD5-8117-C4A891B96260}.Debug|Any CPU.ActiveCfg = Debug|Any CPU
		{80A192C8-C8D9-4FD5-8117-C4A891B96260}.Debug|Any CPU.Build.0 = Debug|Any CPU
		{80A192C8-C8D9-4FD5-8117-C4A891B96260}.Release|Any CPU.ActiveCfg = Release|Any CPU
		{80A192C8-C8D9-4FD5-8117-C4A891B96260}.Release|Any CPU.Build.0 = Release|Any CPU
		{83EC3AC5-FEF1-4850-AC66-A9B6E00C5506}.Debug|Any CPU.ActiveCfg = Debug|Any CPU
		{83EC3AC5-FEF1-4850-AC66-A9B6E00C5506}.Debug|Any CPU.Build.0 = Debug|Any CPU
		{83EC3AC5-FEF1-4850-AC66-A9B6E00C5506}.Release|Any CPU.ActiveCfg = Release|Any CPU
		{83EC3AC5-FEF1-4850-AC66-A9B6E00C5506}.Release|Any CPU.Build.0 = Release|Any CPU
	EndGlobalSection
EndGlobal
